
Microsoft Visual Studio Solution File, Format Version 12.00
Project("{FAE04EC0-301F-11D3-BF4B-00C04F79EFBC}") = "AutomatedCleaning", "AutomatedCleaning\AutomatedCleaning.csproj", "{B352DDD4-F134-47D0-88FA-BE5E153BC3DF}"
EndProject
Global
	GlobalSection(SolutionConfigurationPlatforms) = preSolution
		Debug|Any CPU = Debug|Any CPU
		Release|Any CPU = Release|Any CPU
	EndGlobalSection
	GlobalSection(ProjectConfigurationPlatforms) = postSolution
		{B352DDD4-F134-47D0-88FA-BE5E153BC3DF}.Debug|Any CPU.ActiveCfg = Debug|Any CPU
		{B352DDD4-F134-47D0-88FA-BE5E153BC3DF}.Debug|Any CPU.Build.0 = Debug|Any CPU
		{B352DDD4-F134-47D0-88FA-BE5E153BC3DF}.Release|Any CPU.ActiveCfg = Release|Any CPU
		{B352DDD4-F134-47D0-88FA-BE5E153BC3DF}.Release|Any CPU.Build.0 = Release|Any CPU
	EndGlobalSection
EndGlobal
